
Microsoft Visual Studio Solution File, Format Version 12.00
# Visual Studio Version 17
VisualStudioVersion = 17.5.33530.505
MinimumVisualStudioVersion = 10.0.40219.1
Project("{9A19103F-16F7-4668-BE54-9A1E7A4F7556}") = "BlazorServerMaui", "BlazorServerMaui\BlazorServerMaui.csproj", "{988A9E87-9E54-402D-9B30-74BE78A26631}"
EndProject
Project("{9A19103F-16F7-4668-BE54-9A1E7A4F7556}") = "BlazorServerMaui.WebComponents", "BlazorServerMaui.WebComponents\BlazorServerMaui.WebComponents.csproj", "{1FF274DA-B17C-481A-A69F-ECEA97CE6DC4}"
EndProject
Project("{9A19103F-16F7-4668-BE54-9A1E7A4F7556}") = "BlazorServerMaui.App", "BlazorServerMAui.App\BlazorServerMaui.App.csproj", "{CA68BD07-EA95-4DA4-AD7C-0EC3864E42D4}"
EndProject
Global
	GlobalSection(SolutionConfigurationPlatforms) = preSolution
		Debug|Any CPU = Debug|Any CPU
		Release|Any CPU = Release|Any CPU
	EndGlobalSection
	GlobalSection(ProjectConfigurationPlatforms) = postSolution
		{988A9E87-9E54-402D-9B30-74BE78A26631}.Debug|Any CPU.ActiveCfg = Debug|Any CPU
		{988A9E87-9E54-402D-9B30-74BE78A26631}.Debug|Any CPU.Build.0 = Debug|Any CPU
		{988A9E87-9E54-402D-9B30-74BE78A26631}.Release|Any CPU.ActiveCfg = Release|Any CPU
		{988A9E87-9E54-402D-9B30-74BE78A26631}.Release|Any CPU.Build.0 = Release|Any CPU
		{1FF274DA-B17C-481A-A69F-ECEA97CE6DC4}.Debug|Any CPU.ActiveCfg = Debug|Any CPU
		{1FF274DA-B17C-481A-A69F-ECEA97CE6DC4}.Debug|Any CPU.Build.0 = Debug|Any CPU
		{1FF274DA-B17C-481A-A69F-ECEA97CE6DC4}.Release|Any CPU.ActiveCfg = Release|Any CPU
		{1FF274DA-B17C-481A-A69F-ECEA97CE6DC4}.Release|Any CPU.Build.0 = Release|Any CPU
		{CA68BD07-EA95-4DA4-AD7C-0EC3864E42D4}.Debug|Any CPU.ActiveCfg = Debug|Any CPU
		{CA68BD07-EA95-4DA4-AD7C-0EC3864E42D4}.Debug|Any CPU.Build.0 = Debug|Any CPU
		{CA68BD07-EA95-4DA4-AD7C-0EC3864E42D4}.Debug|Any CPU.Deploy.0 = Debug|Any CPU
		{CA68BD07-EA95-4DA4-AD7C-0EC3864E42D4}.Release|Any CPU.ActiveCfg = Release|Any CPU
		{CA68BD07-EA95-4DA4-AD7C-0EC3864E42D4}.Release|Any CPU.Build.0 = Release|Any CPU
		{CA68BD07-EA95-4DA4-AD7C-0EC3864E42D4}.Release|Any CPU.Deploy.0 = Release|Any CPU
	EndGlobalSection
	GlobalSection(SolutionProperties) = preSolution
		HideSolutionNode = FALSE
	EndGlobalSection
	GlobalSection(ExtensibilityGlobals) = postSolution
		SolutionGuid = {4726E540-1B8D-414A-B547-82C8CD267E24}
	EndGlobalSection
EndGlobal
